
Microsoft Visual Studio Solution File, Format Version 12.00
# Visual Studio Version 16
VisualStudioVersion = 16.0.30104.148
MinimumVisualStudioVersion = 10.0.40219.1
Project("{FAE04EC0-301F-11D3-BF4B-00C04F79EFBC}") = "EventLoggerUI", "EventLoggerUI\EventLoggerUI.csproj", "{DFE0BFC4-E0B0-4F05-930E-E1EABEFF11BF}"
EndProject
Project("{FAE04EC0-301F-11D3-BF4B-00C04F79EFBC}") = "DAL", "DAL\DAL.csproj", "{1DFA8274-F3B3-4E92-B7F9-767207501DC0}"
EndProject
Global
	GlobalSection(SolutionConfigurationPlatforms) = preSolution
		Debug|Any CPU = Debug|Any CPU
		Release|Any CPU = Release|Any CPU
	EndGlobalSection
	GlobalSection(ProjectConfigurationPlatforms) = postSolution
		{DFE0BFC4-E0B0-4F05-930E-E1EABEFF11BF}.Debug|Any CPU.ActiveCfg = Debug|Any CPU
		{DFE0BFC4-E0B0-4F05-930E-E1EABEFF11BF}.Debug|Any CPU.Build.0 = Debug|Any CPU
		{DFE0BFC4-E0B0-4F05-930E-E1EABEFF11BF}.Release|Any CPU.ActiveCfg = Release|Any CPU
		{DFE0BFC4-E0B0-4F05-930E-E1EABEFF11BF}.Release|Any CPU.Build.0 = Release|Any CPU
		{1DFA8274-F3B3-4E92-B7F9-767207501DC0}.Debug|Any CPU.ActiveCfg = Debug|Any CPU
		{1DFA8274-F3B3-4E92-B7F9-767207501DC0}.Debug|Any CPU.Build.0 = Debug|Any CPU
		{1DFA8274-F3B3-4E92-B7F9-767207501DC0}.Release|Any CPU.ActiveCfg = Release|Any CPU
		{1DFA8274-F3B3-4E92-B7F9-767207501DC0}.Release|Any CPU.Build.0 = Release|Any CPU
	EndGlobalSection
	GlobalSection(SolutionProperties) = preSolution
		HideSolutionNode = FALSE
	EndGlobalSection
	GlobalSection(ExtensibilityGlobals) = postSolution
		SolutionGuid = {3A74DE7C-22D5-4DFE-9E44-32A0585E2B1E}
	EndGlobalSection
EndGlobal
